// !$*UTF8*$!
{
	archiveVersion = 1;
	classes = {
	};
	objectVersion = 46;
	objects = {

/* Begin PBXBuildFile section */
		EC495D7A1CC86AF70095CA06 /* main.m in Sources */ = {isa = PBXBuildFile; fileRef = EC495D791CC86AF70095CA06 /* main.m */; };
		EC495D7D1CC86AF70095CA06 /* AppDelegate.m in Sources */ = {isa = PBXBuildFile; fileRef = EC495D7C1CC86AF70095CA06 /* AppDelegate.m */; };
		EC495D801CC86AF70095CA06 /* ViewController.m in Sources */ = {isa = PBXBuildFile; fileRef = EC495D7F1CC86AF70095CA06 /* ViewController.m */; };
		EC495D831CC86AF70095CA06 /* Main.storyboard in Resources */ = {isa = PBXBuildFile; fileRef = EC495D811CC86AF70095CA06 /* Main.storyboard */; };
		EC495D851CC86AF70095CA06 /* Assets.xcassets in Resources */ = {isa = PBXBuildFile; fileRef = EC495D841CC86AF70095CA06 /* Assets.xcassets */; };
		EC495D881CC86AF70095CA06 /* LaunchScreen.storyboard in Resources */ = {isa = PBXBuildFile; fileRef = EC495D861CC86AF70095CA06 /* LaunchScreen.storyboard */; };
		EC495D911CC877380095CA06 /* SubViewController.m in Sources */ = {isa = PBXBuildFile; fileRef = EC495D901CC877380095CA06 /* SubViewController.m */; };
/* End PBXBuildFile section */

/* Begin PBXFileReference section */
		EC495D751CC86AF60095CA06 /* iOS3DTouchDemo.app */ = {isa = PBXFileReference; explicitFileType = wrapper.application; includeInIndex = 0; path = iOS3DTouchDemo.app; sourceTree = BUILT_PRODUCTS_DIR; };
		EC495D791CC86AF70095CA06 /* main.m */ = {isa = PBXFileReference; lastKnownFileType = sourcecode.c.objc; path = main.m; sourceTree = "<group>"; };
		EC495D7B1CC86AF70095CA06 /* AppDelegate.h */ = {isa = PBXFileReference; lastKnownFileType = sourcecode.c.h; path = AppDelegate.h; sourceTree = "<group>"; };
		EC495D7C1CC86AF70095CA06 /* AppDelegate.m */ = {isa = PBXFileReference; lastKnownFileType = sourcecode.c.objc; path = AppDelegate.m; sourceTree = "<group>"; };
		EC495D7E1CC86AF70095CA06 /* ViewController.h */ = {isa = PBXFileReference; lastKnownFileType = sourcecode.c.h; path = ViewController.h; sourceTree = "<group>"; };
		EC495D7F1CC86AF70095CA06 /* ViewController.m */ = {isa = PBXFileReference; lastKnownFileType = sourcecode.c.objc; path = ViewController.m; sourceTree = "<group>"; };
		EC495D821CC86AF70095CA06 /* Base */ = {isa = PBXFileReference; lastKnownFileType = file.storyboard; name = Base; path = Base.lproj/Main.storyboard; sourceTree = "<group>"; };
		EC495D841CC86AF70095CA06 /* Assets.xcassets */ = {isa = PBXFileReference; lastKnownFileType = folder.assetcatalog; path = Assets.xcassets; sourceTree = "<group>"; };
		EC495D871CC86AF70095CA06 /* Base */ = {isa = PBXFileReference; lastKnownFileType = file.storyboard; name = Base; path = Base.lproj/LaunchScreen.storyboard; sourceTree = "<group>"; };
		EC495D891CC86AF70095CA06 /* Info.plist */ = {isa = PBXFileReference; lastKnownFileType = text.plist.xml; path = Info.plist; sourceTree = "<group>"; };
		EC495D8F1CC877380095CA06 /* SubViewController.h */ = {isa = PBXFileReference; fileEncoding = 4; lastKnownFileType = sourcecode.c.h; path = SubViewController.h; sourceTree = "<group>"; };
		EC495D901CC877380095CA06 /* SubViewController.m */ = {isa = PBXFileReference; fileEncoding = 4; lastKnownFileType = sourcecode.c.objc; path = SubViewController.m; sourceTree = "<group>"; };
/* End PBXFileReference section */

/* Begin PBXFrameworksBuildPhase section */
		EC495D721CC86AF60095CA06 /* Frameworks */ = {
			isa = PBXFrameworksBuildPhase;
			buildActionMask = 2147483647;
			files = (
			);
			runOnlyForDeploymentPostprocessing = 0;
		};
/* End PBXFrameworksBuildPhase section */

/* Begin PBXGroup section */
		EC495D6C1CC86AF60095CA06 = {
			isa = PBXGroup;
			children = (
				EC495D771CC86AF70095CA06 /* iOS3DTouchDemo */,
				EC495D761CC86AF60095CA06 /* Products */,
			);
			sourceTree = "<group>";
		};
		EC495D761CC86AF60095CA06 /* Products */ = {
			isa = PBXGroup;
			children = (
				EC495D751CC86AF60095CA06 /* iOS3DTouchDemo.app */,
			);
			name = Products;
			sourceTree = "<group>";
		};
		EC495D771CC86AF70095CA06 /* iOS3DTouchDemo */ = {
			isa = PBXGroup;
			children = (
				EC495D7B1CC86AF70095CA06 /* AppDelegate.h */,
				EC495D7C1CC86AF70095CA06 /* AppDelegate.m */,
				EC495D7E1CC86AF70095CA06 /* ViewController.h */,
				EC495D7F1CC86AF70095CA06 /* ViewController.m */,
				EC495D8F1CC877380095CA06 /* SubViewController.h */,
				EC495D901CC877380095CA06 /* SubViewController.m */,
				EC495D811CC86AF70095CA06 /* Main.storyboard */,
				EC495D841CC86AF70095CA06 /* Assets.xcassets */,
				EC495D861CC86AF70095CA06 /* LaunchScreen.storyboard */,
				EC495D891CC86AF70095CA06 /* Info.plist */,
				EC495D781CC86AF70095CA06 /* Supporting Files */,
			);
			path = iOS3DTouchDemo;
			sourceTree = "<group>";
		};
		EC495D781CC86AF70095CA06 /* Supporting Files */ = {
			isa = PBXGroup;
			children = (
				EC495D791CC86AF70095CA06 /* main.m */,
			);
			name = "Supporting Files";
			sourceTree = "<group>";
		};
/* End PBXGroup section */

/* Begin PBXNativeTarget section */
		EC495D741CC86AF60095CA06 /* iOS3DTouchDemo */ = {
			isa = PBXNativeTarget;
			buildConfigurationList = EC495D8C1CC86AF70095CA06 /* Build configuration list for PBXNativeTarget "iOS3DTouchDemo" */;
			buildPhases = (
				EC495D711CC86AF60095CA06 /* Sources */,
				EC495D721CC86AF60095CA06 /* Frameworks */,
				EC495D731CC86AF60095CA06 /* Resources */,
			);
			buildRules = (
			);
			dependencies = (
			);
			name = iOS3DTouchDemo;
			productName = iOS3DTouchDemo;
			productReference = EC495D751CC86AF60095CA06 /* iOS3DTouchDemo.app */;
			productType = "com.apple.product-type.application";
		};
/* End PBXNativeTarget section */

/* Begin PBXProject section */
		EC495D6D1CC86AF60095CA06 /* Project object */ = {
			isa = PBXProject;
			attributes = {
				LastUpgradeCheck = 0730;
				ORGANIZATIONNAME = com.pureLake;
				TargetAttributes = {
					EC495D741CC86AF60095CA06 = {
						CreatedOnToolsVersion = 7.3;
					};
				};
			};
			buildConfigurationList = EC495D701CC86AF60095CA06 /* Build configuration list for PBXProject "iOS3DTouchDemo" */;
			compatibilityVersion = "Xcode 3.2";
			developmentRegion = English;
			hasScannedForEncodings = 0;
			knownRegions = (
				en,
				Base,
			);
			mainGroup = EC495D6C1CC86AF60095CA06;
			productRefGroup = EC495D761CC86AF60095CA06 /* Products */;
			projectDirPath = "";
			projectRoot = "";
			targets = (
				EC495D741CC86AF60095CA06 /* iOS3DTouchDemo */,
			);
		};
/* End PBXProject section */

/* Begin PBXResourcesBuildPhase section */
		EC495D731CC86AF60095CA06 /* Resources */ = {
			isa = PBXResourcesBuildPhase;
			buildActionMask = 2147483647;
			files = (
				EC495D881CC86AF70095CA06 /* LaunchScreen.storyboard in Resources */,
				EC495D851CC86AF70095CA06 /* Assets.xcassets in Resources */,
				EC495D831CC86AF70095CA06 /* Main.storyboard in Resources */,
			);
			runOnlyForDeploymentPostprocessing = 0;
		};
/* End PBXResourcesBuildPhase section */

/* Begin PBXSourcesBuildPhase section */
		EC495D711CC86AF60095CA06 /* Sources */ = {
			isa = PBXSourcesBuildPhase;
			buildActionMask = 2147483647;
			files = (
				EC495D801CC86AF70095CA06 /* ViewController.m in Sources */,
				EC495D7D1CC86AF70095CA06 /* AppDelegate.m in Sources */,
				EC495D7A1CC86AF70095CA06 /* main.m in Sources */,
				EC495D911CC877380095CA06 /* SubViewController.m in Sources */,
			);
			runOnlyForDeploymentPostprocessing = 0;
		};
/* End PBXSourcesBuildPhase section */

/* Begin PBXVariantGroup section */
		EC495D811CC86AF70095CA06 /* Main.storyboard */ = {
			isa = PBXVariantGroup;
			children = (
				EC495D821CC86AF70095CA06 /* Base */,
			);
			name = Main.storyboard;
			sourceTree = "<group>";
		};
		EC495D861CC86AF70095CA06 /* LaunchScreen.storyboard */ = {
			isa = PBXVariantGroup;
			children = (
				EC495D871CC86AF70095CA06 /* Base */,
			);
			name = LaunchScreen.storyboard;
			sourceTree = "<group>";
		};
/* End PBXVariantGroup section */

/* Begin XCBuildConfiguration section */
		EC495D8A1CC86AF70095CA06 /* Debug */ = {
			isa = XCBuildConfiguration;
			buildSettings = {
				ALWAYS_SEARCH_USER_PATHS = NO;
				CLANG_ANALYZER_NONNULL = YES;
				CLANG_CXX_LANGUAGE_STANDARD = "gnu++0x";
				CLANG_CXX_LIBRARY = "libc++";
				CLANG_ENABLE_MODULES = YES;
				CLANG_ENABLE_OBJC_ARC = YES;
				CLANG_WARN_BOOL_CONVERSION = YES;
				CLANG_WARN_CONSTANT_CONVERSION = YES;
				CLANG_WARN_DIRECT_OBJC_ISA_USAGE = YES_ERROR;
				CLANG_WARN_EMPTY_BODY = YES;
				CLANG_WARN_ENUM_CONVERSION = YES;
				CLANG_WARN_INT_CONVERSION = YES;
				CLANG_WARN_OBJC_ROOT_CLASS = YES_ERROR;
				CLANG_WARN_UNREACHABLE_CODE = YES;
				CLANG_WARN__DUPLICATE_METHOD_MATCH = YES;
				"CODE_SIGN_IDENTITY[sdk=iphoneos*]" = "iPhone Developer";
				COPY_PHASE_STRIP = NO;
				DEBUG_INFORMATION_FORMAT = dwarf;
				ENABLE_STRICT_OBJC_MSGSEND = YES;
				ENABLE_TESTABILITY = YES;
				GCC_C_LANGUAGE_STANDARD = gnu99;
				GCC_DYNAMIC_NO_PIC = NO;
				GCC_NO_COMMON_BLOCKS = YES;
				GCC_OPTIMIZATION_LEVEL = 0;
				GCC_PREPROCESSOR_DEFINITIONS = (
					"DEBUG=1",
					"$(inherited)",
				);
				GCC_WARN_64_TO_32_BIT_CONVERSION = YES;
				GCC_WARN_ABOUT_RETURN_TYPE = YES_ERROR;
				GCC_WARN_UNDECLARED_SELECTOR = YES;
				GCC_WARN_UNINITIALIZED_AUTOS = YES_AGGRESSIVE;
				GCC_WARN_UNUSED_FUNCTION = YES;
				GCC_WARN_UNUSED_VARIABLE = YES;
				IPHONEOS_DEPLOYMENT_TARGET = 9.3;
				MTL_ENABLE_DEBUG_INFO = YES;
				ONLY_ACTIVE_ARCH = YES;
				SDKROOT = iphoneos;
				TARGETED_DEVICE_FAMILY = "1,2";
			};
			name = Debug;
		};
		EC495D8B1CC86AF70095CA06 /* Release */ = {
			isa = XCBuildConfiguration;
			buildSettings = {
				ALWAYS_SEARCH_USER_PATHS = NO;
				CLANG_ANALYZER_NONNULL = YES;
				CLANG_CXX_LANGUAGE_STANDARD = "gnu++0x";
				CLANG_CXX_LIBRARY = "libc++";
				CLANG_ENABLE_MODULES = YES;
				CLANG_ENABLE_OBJC_ARC = YES;
				CLANG_WARN_BOOL_CONVERSION = YES;
				CLANG_WARN_CONSTANT_CONVERSION = YES;
				CLANG_WARN_DIRECT_OBJC_ISA_USAGE = YES_ERROR;
				CLANG_WARN_EMPTY_BODY = YES;
				CLANG_WARN_ENUM_CONVERSION = YES;
				CLANG_WARN_INT_CONVERSION = YES;
				CLANG_WARN_OBJC_ROOT_CLASS = YES_ERROR;
				CLANG_WARN_UNREACHABLE_CODE = YES;
				CLANG_WARN__DUPLICATE_METHOD_MATCH = YES;
				"CODE_SIGN_IDENTITY[sdk=iphoneos*]" = "iPhone Developer";
				COPY_PHASE_STRIP = NO;
				DEBUG_INFORMATION_FORMAT = "dwarf-with-dsym";
				ENABLE_NS_ASSERTIONS = NO;
				ENABLE_STRICT_OBJC_MSGSEND = YES;
				GCC_C_LANGUAGE_STANDARD = gnu99;
				GCC_NO_COMMON_BLOCKS = YES;
				GCC_WARN_64_TO_32_BIT_CONVERSION = YES;
				GCC_WARN_ABOUT_RETURN_TYPE = YES_ERROR;
				GCC_WARN_UNDECLARED_SELECTOR = YES;
				GCC_WARN_UNINITIALIZED_AUTOS = YES_AGGRESSIVE;
				GCC_WARN_UNUSED_FUNCTION = YES;
				GCC_WARN_UNUSED_VARIABLE = YES;
				IPHONEOS_DEPLOYMENT_TARGET = 9.3;
				MTL_ENABLE_DEBUG_INFO = NO;
				SDKROOT = iphoneos;
				TARGETED_DEVICE_FAMILY = "1,2";
				VALIDATE_PRODUCT = YES;
			};
			name = Release;
		};
		EC495D8D1CC86AF70095CA06 /* Debug */ = {
			isa = XCBuildConfiguration;
			buildSettings = {
				ASSETCATALOG_COMPILER_APPICON_NAME = AppIcon;
				INFOPLIST_FILE = iOS3DTouchDemo/Info.plist;
				LD_RUNPATH_SEARCH_PATHS = "$(inherited) @executable_path/Frameworks";
				PRODUCT_BUNDLE_IDENTIFIER = com.pureLake.iOS3DTouchDemo;
				PRODUCT_NAME = "$(TARGET_NAME)";
			};
			name = Debug;
		};
		EC495D8E1CC86AF70095CA06 /* Release */ = {
			isa = XCBuildConfiguration;
			buildSettings = {
				ASSETCATALOG_COMPILER_APPICON_NAME = AppIcon;
				INFOPLIST_FILE = iOS3DTouchDemo/Info.plist;
				LD_RUNPATH_SEARCH_PATHS = "$(inherited) @executable_path/Frameworks";
				PRODUCT_BUNDLE_IDENTIFIER = com.pureLake.iOS3DTouchDemo;
				PRODUCT_NAME = "$(TARGET_NAME)";
			};
			name = Release;
		};
/* End XCBuildConfiguration section */

/* Begin XCConfigurationList section */
		EC495D701CC86AF60095CA06 /* Build configuration list for PBXProject "iOS3DTouchDemo" */ = {
			isa = XCConfigurationList;
			buildConfigurations = (
				EC495D8A1CC86AF70095CA06 /* Debug */,
				EC495D8B1CC86AF70095CA06 /* Release */,
			);
			defaultConfigurationIsVisible = 0;
			defaultConfigurationName = Release;
		};
		EC495D8C1CC86AF70095CA06 /* Build configuration list for PBXNativeTarget "iOS3DTouchDemo" */ = {
			isa = XCConfigurationList;
			buildConfigurations = (
				EC495D8D1CC86AF70095CA06 /* Debug */,
				EC495D8E1CC86AF70095CA06 /* Release */,
			);
			defaultConfigurationIsVisible = 0;
		};
/* End XCConfigurationList section */
	};
	rootObject = EC495D6D1CC86AF60095CA06 /* Project object */;
}
